
Microsoft Visual Studio Solution File, Format Version 12.00
# Visual Studio Version 17
VisualStudioVersion = 17.1.31903.286
MinimumVisualStudioVersion = 10.0.40219.1
Project("{FAE04EC0-301F-11D3-BF4B-00C04F79EFBC}") = "ManyHelpers", "ManyHelpers\ManyHelpers.csproj", "{4F4AA5EC-FB41-4438-B6A3-12B8B8B449D7}"
EndProject
Global
	GlobalSection(SolutionConfigurationPlatforms) = preSolution
		Debug|Any CPU = Debug|Any CPU
		Release|Any CPU = Release|Any CPU
	EndGlobalSection
	GlobalSection(ProjectConfigurationPlatforms) = postSolution
		{4F4AA5EC-FB41-4438-B6A3-12B8B8B449D7}.Debug|Any CPU.ActiveCfg = Debug|Any CPU
		{4F4AA5EC-FB41-4438-B6A3-12B8B8B449D7}.Debug|Any CPU.Build.0 = Debug|Any CPU
		{4F4AA5EC-FB41-4438-B6A3-12B8B8B449D7}.Release|Any CPU.ActiveCfg = Release|Any CPU
		{4F4AA5EC-FB41-4438-B6A3-12B8B8B449D7}.Release|Any CPU.Build.0 = Release|Any CPU
	EndGlobalSection
	GlobalSection(SolutionProperties) = preSolution
		HideSolutionNode = FALSE
	EndGlobalSection
	GlobalSection(ExtensibilityGlobals) = postSolution
		SolutionGuid = {A518AEBF-0414-48DA-B787-A9E793420530}
	EndGlobalSection
EndGlobal
